<?xml version="1.0" encoding="utf-8"?>
<Project ToolsVersion="4.0" xmlns="http://schemas.microsoft.com/developer/msbuild/2003">
  <ItemGroup>
    <ClCompile Include="HookManager.cpp">
      <Filter>src</Filter>
    </ClCompile>
    <ClCompile Include="MonitorInfoManager.cpp">
      <Filter>src</Filter>
    </ClCompile>
    <ClCompile Include="MouseEdgeManager.cpp">
      <Filter>src</Filter>
    </ClCompile>
    <ClCompile Include="MonitorEdgeTunnel.cpp" />
  </ItemGroup>
  <ItemGroup>
    <ClInclude Include="HookManager.h">
      <Filter>include</Filter>
    </ClInclude>
    <ClInclude Include="MonitorInfoManager.h">
      <Filter>include</Filter>
    </ClInclude>
    <ClInclude Include="MouseEdgeManager.h">
      <Filter>include</Filter>
    </ClInclude>
  </ItemGroup>
  <ItemGroup>
    <Filter Include="include">
      <UniqueIdentifier>{45dbbbf4-150a-46a7-bef0-a0d9558f49a0}</UniqueIdentifier>
    </Filter>
    <Filter Include="src">
      <UniqueIdentifier>{65f233cc-b165-40b4-b9ba-64ac32507c3b}</UniqueIdentifier>
    </Filter>
  </ItemGroup>
</Project>